
Microsoft Visual Studio Solution File, Format Version 12.00
# Visual Studio 2015
Project("{FAE04EC0-301F-11D3-BF4B-00C04F79EFBC}") = "The Collab Project", "The Collab Project.csproj", "{5CBE7347-1171-0822-23E5-B83F50A144FA}"
EndProject
Project("{FAE04EC0-301F-11D3-BF4B-00C04F79EFBC}") = "The Collab Project.Editor", "The Collab Project.Editor.csproj", "{B691F314-4878-B254-E4E4-34E3FE7CDC5D}"
EndProject
Global
	GlobalSection(SolutionConfigurationPlatforms) = preSolution
		Debug|Any CPU = Debug|Any CPU
		Release|Any CPU = Release|Any CPU
	EndGlobalSection
	GlobalSection(ProjectConfigurationPlatforms) = postSolution
		{5CBE7347-1171-0822-23E5-B83F50A144FA}.Debug|Any CPU.ActiveCfg = Debug|Any CPU
		{5CBE7347-1171-0822-23E5-B83F50A144FA}.Debug|Any CPU.Build.0 = Debug|Any CPU
		{5CBE7347-1171-0822-23E5-B83F50A144FA}.Release|Any CPU.ActiveCfg = Release|Any CPU
		{5CBE7347-1171-0822-23E5-B83F50A144FA}.Release|Any CPU.Build.0 = Release|Any CPU
		{B691F314-4878-B254-E4E4-34E3FE7CDC5D}.Debug|Any CPU.ActiveCfg = Debug|Any CPU
		{B691F314-4878-B254-E4E4-34E3FE7CDC5D}.Debug|Any CPU.Build.0 = Debug|Any CPU
		{B691F314-4878-B254-E4E4-34E3FE7CDC5D}.Release|Any CPU.ActiveCfg = Release|Any CPU
		{B691F314-4878-B254-E4E4-34E3FE7CDC5D}.Release|Any CPU.Build.0 = Release|Any CPU
	EndGlobalSection
	GlobalSection(SolutionProperties) = preSolution
		HideSolutionNode = FALSE
	EndGlobalSection
EndGlobal
